{
  "version": 4,
  "terraform_version": "1.14.6",
  "serial": 88,
  "lineage": "36bd31a2-a721-f0d3-14c5-d773c30991f5",
  "outputs": {},
  "resources": [
    {
      "module": "module.bastion",
      "mode": "data",
      "type": "azurerm_public_ip",
      "name": "pips",
      "provider": "provider[\"registry.terraform.io/hashicorp/azurerm\"]",
      "instances": [
        {
          "index_key": "bastion1",
          "schema_version": 0,
          "attributes": {
            "allocation_method": "Static",
            "ddos_protection_mode": "VirtualNetworkInherited",
            "ddos_protection_plan_id": null,
            "domain_name_label": "",
            "fqdn": "",
            "id": "/subscriptions/158934aa-48ae-4aa1-bae5-78194afd79f3/resourceGroups/corp-dev/providers/Microsoft.Network/publicIPAddresses/bastion-pip",
            "idle_timeout_in_minutes": 4,
            "ip_address": "40.83.94.21",
            "ip_tags": {},
            "ip_version": "IPv4",
            "location": "eastasia",
            "name": "bastion-pip",
            "resource_group_name": "corp-dev",
            "reverse_fqdn": "",
            "sku": "Standard",
            "tags": {},
            "timeouts": null,
            "zones": []
          },
          "sensitive_attributes": [],
          "identity_schema_version": 0
        }
      ]
    },
    {
      "module": "module.bastion",
      "mode": "data",
      "type": "azurerm_subnet",
      "name": "subnets",
      "provider": "provider[\"registry.terraform.io/hashicorp/azurerm\"]",
      "instances": [
        {
          "index_key": "bastion1",
          "schema_version": 0,
          "attributes": {
            "address_prefix": "",
            "address_prefixes": [
              "10.75.3.0/24"
            ],
            "default_outbound_access_enabled": true,
            "id": "/subscriptions/158934aa-48ae-4aa1-bae5-78194afd79f3/resourceGroups/corp-dev/providers/Microsoft.Network/virtualNetworks/corp-dev-vnet/subnets/AzureBastionSubnet",
            "name": "AzureBastionSubnet",
            "network_security_group_id": "",
            "private_endpoint_network_policies": "Disabled",
            "private_link_service_network_policies_enabled": true,
            "resource_group_name": "corp-dev",
            "route_table_id": "",
            "service_endpoint": [],
            "timeouts": null,
            "virtual_network_name": "corp-dev-vnet"
          },
          "sensitive_attributes": [],
          "identity_schema_version": 0
        }
      ]
    },
    {
      "module": "module.bastion",
      "mode": "managed",
      "type": "azurerm_bastion_host",
      "name": "bastion",
      "provider": "provider[\"registry.terraform.io/hashicorp/azurerm\"]",
      "instances": [
        {
          "index_key": "bastion1",
          "schema_version": 0,
          "attributes": {
            "copy_paste_enabled": true,
            "dns_name": "bst-a970bf8a-aef4-493f-b843-bebee4fe35a2.bastion.azure.com",
            "file_copy_enabled": false,
            "id": "/subscriptions/158934aa-48ae-4aa1-bae5-78194afd79f3/resourceGroups/corp-dev/providers/Microsoft.Network/bastionHosts/corp-bastion",
            "ip_configuration": [
              {
                "name": "bastion_config",
                "public_ip_address_id": "/subscriptions/158934aa-48ae-4aa1-bae5-78194afd79f3/resourceGroups/corp-dev/providers/Microsoft.Network/publicIPAddresses/bastion-pip",
                "subnet_id": "/subscriptions/158934aa-48ae-4aa1-bae5-78194afd79f3/resourceGroups/corp-dev/providers/Microsoft.Network/virtualNetworks/corp-dev-vnet/subnets/AzureBastionSubnet"
              }
            ],
            "ip_connect_enabled": false,
            "kerberos_enabled": false,
            "location": "eastasia",
            "name": "corp-bastion",
            "private_only_enabled": false,
            "resource_group_name": "corp-dev",
            "scale_units": 2,
            "session_recording_enabled": false,
            "shareable_link_enabled": false,
            "sku": "Basic",
            "tags": null,
            "timeouts": null,
            "tunneling_enabled": false,
            "virtual_network_id": "",
            "zones": null
          },
          "sensitive_attributes": [],
          "identity_schema_version": 0,
          "identity": {
            "name": "corp-bastion",
            "resource_group_name": "corp-dev",
            "subscription_id": "158934aa-48ae-4aa1-bae5-78194afd79f3"
          },
          "private": "eyJlMmJmYjczMC1lY2FhLTExZTYtOGY4OC0zNDM2M2JjN2M0YzAiOnsiY3JlYXRlIjoxODAwMDAwMDAwMDAwLCJkZWxldGUiOjE4MDAwMDAwMDAwMDAsInJlYWQiOjMwMDAwMDAwMDAwMCwidXBkYXRlIjoxODAwMDAwMDAwMDAwfX0=",
          "dependencies": [
            "module.bastion.data.azurerm_public_ip.pips",
            "module.bastion.data.azurerm_subnet.subnets",
            "module.pips.azurerm_public_ip.pips",
            "module.rgs.azurerm_resource_group.rgs",
            "module.subnets.azurerm_subnet.subnets",
            "module.vnets.azurerm_virtual_network.vnets"
          ]
        }
      ]
    },
    {
      "module": "module.nics",
      "mode": "data",
      "type": "azurerm_subnet",
      "name": "subnets",
      "provider": "provider[\"registry.terraform.io/hashicorp/azurerm\"]",
      "instances": [
        {
          "index_key": "nic1",
          "schema_version": 0,
          "attributes": {
            "address_prefix": "",
            "address_prefixes": [
              "10.75.1.0/24"
            ],
            "default_outbound_access_enabled": true,
            "id": "/subscriptions/158934aa-48ae-4aa1-bae5-78194afd79f3/resourceGroups/corp-dev/providers/Microsoft.Network/virtualNetworks/corp-dev-vnet/subnets/frontend-subnet",
            "name": "frontend-subnet",
            "network_security_group_id": "",
            "private_endpoint_network_policies": "Disabled",
            "private_link_service_network_policies_enabled": true,
            "resource_group_name": "corp-dev",
            "route_table_id": "",
            "service_endpoint": [],
            "timeouts": null,
            "virtual_network_name": "corp-dev-vnet"
          },
          "sensitive_attributes": [],
          "identity_schema_version": 0
        },
        {
          "index_key": "nic2",
          "schema_version": 0,
          "attributes": {
            "address_prefix": "",
            "address_prefixes": [
              "10.75.2.0/24"
            ],
            "default_outbound_access_enabled": true,
            "id": "/subscriptions/158934aa-48ae-4aa1-bae5-78194afd79f3/resourceGroups/corp-dev/providers/Microsoft.Network/virtualNetworks/corp-dev-vnet/subnets/backend-subnet",
            "name": "backend-subnet",
            "network_security_group_id": "",
            "private_endpoint_network_policies": "Disabled",
            "private_link_service_network_policies_enabled": true,
            "resource_group_name": "corp-dev",
            "route_table_id": "",
            "service_endpoint": [],
            "timeouts": null,
            "virtual_network_name": "corp-dev-vnet"
          },
          "sensitive_attributes": [],
          "identity_schema_version": 0
        }
      ]
    },
    {
      "module": "module.nics",
      "mode": "managed",
      "type": "azurerm_linux_virtual_machine",
      "name": "vms",
      "provider": "provider[\"registry.terraform.io/hashicorp/azurerm\"]",
      "instances": [
        {
          "index_key": "nic1",
          "schema_version": 0,
          "attributes": {
            "additional_capabilities": [],
            "admin_password": "@9540174129aK",
            "admin_ssh_key": [],
            "admin_username": "adminuser",
            "allow_extension_operations": true,
            "availability_set_id": "",
            "boot_diagnostics": [],
            "bypass_platform_safety_checks_on_user_schedule_enabled": false,
            "capacity_reservation_group_id": "",
            "computer_name": "frontend-vm",
            "custom_data": null,
            "dedicated_host_group_id": "",
            "dedicated_host_id": "",
            "disable_password_authentication": false,
            "disk_controller_type": "",
            "edge_zone": "",
            "encryption_at_host_enabled": false,
            "eviction_policy": "",
            "extensions_time_budget": "PT1H30M",
            "gallery_application": [],
            "id": "/subscriptions/158934aa-48ae-4aa1-bae5-78194afd79f3/resourceGroups/corp-dev/providers/Microsoft.Compute/virtualMachines/frontend-vm",
            "identity": [],
            "license_type": "",
            "location": "eastasia",
            "max_bid_price": -1,
            "name": "frontend-vm",
            "network_interface_ids": [
              "/subscriptions/158934aa-48ae-4aa1-bae5-78194afd79f3/resourceGroups/corp-dev/providers/Microsoft.Network/networkInterfaces/corp-dev-fe-nic"
            ],
            "os_disk": [
              {
                "caching": "ReadWrite",
                "diff_disk_settings": [],
                "disk_encryption_set_id": "",
                "disk_size_gb": 30,
                "id": "/subscriptions/158934aa-48ae-4aa1-bae5-78194afd79f3/resourceGroups/corp-dev/providers/Microsoft.Compute/disks/frontend-vm_OsDisk_1_77ae5a9e005545e4b39602b183f10495",
                "name": "frontend-vm_OsDisk_1_77ae5a9e005545e4b39602b183f10495",
                "secure_vm_disk_encryption_set_id": "",
                "security_encryption_type": "",
                "storage_account_type": "Standard_LRS",
                "write_accelerator_enabled": false
              }
            ],
            "os_image_notification": [],
            "os_managed_disk_id": "/subscriptions/158934aa-48ae-4aa1-bae5-78194afd79f3/resourceGroups/corp-dev/providers/Microsoft.Compute/disks/frontend-vm_OsDisk_1_77ae5a9e005545e4b39602b183f10495",
            "patch_assessment_mode": "ImageDefault",
            "patch_mode": "ImageDefault",
            "plan": [],
            "platform_fault_domain": -1,
            "priority": "Regular",
            "private_ip_address": "10.75.1.4",
            "private_ip_addresses": [
              "10.75.1.4"
            ],
            "provision_vm_agent": true,
            "proximity_placement_group_id": "",
            "public_ip_address": "",
            "public_ip_addresses": [],
            "reboot_setting": "",
            "resource_group_name": "corp-dev",
            "secret": [],
            "secure_boot_enabled": false,
            "size": "Standard_B2ats_v2",
            "source_image_id": "",
            "source_image_reference": [
              {
                "offer": "0001-com-ubuntu-server-jammy",
                "publisher": "Canonical",
                "sku": "22_04-lts",
                "version": "latest"
              }
            ],
            "tags": null,
            "termination_notification": null,
            "timeouts": null,
            "user_data": "",
            "virtual_machine_id": "6d88b49a-91bf-45dd-bff7-0bfbf6e8d378",
            "virtual_machine_scale_set_id": "",
            "vm_agent_platform_updates_enabled": true,
            "vtpm_enabled": false,
            "zone": ""
          },
          "sensitive_attributes": [
            [
              {
                "type": "get_attr",
                "value": "admin_password"
              }
            ],
            [
              {
                "type": "get_attr",
                "value": "custom_data"
              }
            ]
          ],
          "identity_schema_version": 0,
          "private": "eyJlMmJmYjczMC1lY2FhLTExZTYtOGY4OC0zNDM2M2JjN2M0YzAiOnsiY3JlYXRlIjoyNzAwMDAwMDAwMDAwLCJkZWxldGUiOjI3MDAwMDAwMDAwMDAsInJlYWQiOjMwMDAwMDAwMDAwMCwidXBkYXRlIjoyNzAwMDAwMDAwMDAwfX0=",
          "dependencies": [
            "module.nics.azurerm_network_interface.nics",
            "module.nics.data.azurerm_subnet.subnets",
            "module.pips.azurerm_public_ip.pips",
            "module.rgs.azurerm_resource_group.rgs",
            "module.subnets.azurerm_subnet.subnets",
            "module.vnets.azurerm_virtual_network.vnets"
          ]
        },
        {
          "index_key": "nic2",
          "schema_version": 0,
          "attributes": {
            "additional_capabilities": [],
            "admin_password": "@9540174129aK",
            "admin_ssh_key": [],
            "admin_username": "adminuser",
            "allow_extension_operations": true,
            "availability_set_id": "",
            "boot_diagnostics": [],
            "bypass_platform_safety_checks_on_user_schedule_enabled": false,
            "capacity_reservation_group_id": "",
            "computer_name": "backend-vm",
            "custom_data": null,
            "dedicated_host_group_id": "",
            "dedicated_host_id": "",
            "disable_password_authentication": false,
            "disk_controller_type": "",
            "edge_zone": "",
            "encryption_at_host_enabled": false,
            "eviction_policy": "",
            "extensions_time_budget": "PT1H30M",
            "gallery_application": [],
            "id": "/subscriptions/158934aa-48ae-4aa1-bae5-78194afd79f3/resourceGroups/corp-dev/providers/Microsoft.Compute/virtualMachines/backend-vm",
            "identity": [],
            "license_type": "",
            "location": "eastasia",
            "max_bid_price": -1,
            "name": "backend-vm",
            "network_interface_ids": [
              "/subscriptions/158934aa-48ae-4aa1-bae5-78194afd79f3/resourceGroups/corp-dev/providers/Microsoft.Network/networkInterfaces/corp-dev-be-nic"
            ],
            "os_disk": [
              {
                "caching": "ReadWrite",
                "diff_disk_settings": [],
                "disk_encryption_set_id": "",
                "disk_size_gb": 30,
                "id": "/subscriptions/158934aa-48ae-4aa1-bae5-78194afd79f3/resourceGroups/corp-dev/providers/Microsoft.Compute/disks/backend-vm_OsDisk_1_7eb2769413a641e0aff972ff15192b43",
                "name": "backend-vm_OsDisk_1_7eb2769413a641e0aff972ff15192b43",
                "secure_vm_disk_encryption_set_id": "",
                "security_encryption_type": "",
                "storage_account_type": "Standard_LRS",
                "write_accelerator_enabled": false
              }
            ],
            "os_image_notification": [],
            "os_managed_disk_id": "/subscriptions/158934aa-48ae-4aa1-bae5-78194afd79f3/resourceGroups/corp-dev/providers/Microsoft.Compute/disks/backend-vm_OsDisk_1_7eb2769413a641e0aff972ff15192b43",
            "patch_assessment_mode": "ImageDefault",
            "patch_mode": "ImageDefault",
            "plan": [],
            "platform_fault_domain": -1,
            "priority": "Regular",
            "private_ip_address": "10.75.2.4",
            "private_ip_addresses": [
              "10.75.2.4"
            ],
            "provision_vm_agent": true,
            "proximity_placement_group_id": "",
            "public_ip_address": "",
            "public_ip_addresses": [],
            "reboot_setting": "",
            "resource_group_name": "corp-dev",
            "secret": [],
            "secure_boot_enabled": false,
            "size": "Standard_B2ats_v2",
            "source_image_id": "",
            "source_image_reference": [
              {
                "offer": "0001-com-ubuntu-server-jammy",
                "publisher": "Canonical",
                "sku": "22_04-lts",
                "version": "latest"
              }
            ],
            "tags": null,
            "termination_notification": null,
            "timeouts": null,
            "user_data": "",
            "virtual_machine_id": "643332d9-9f07-4f15-be13-34da816ada6e",
            "virtual_machine_scale_set_id": "",
            "vm_agent_platform_updates_enabled": true,
            "vtpm_enabled": false,
            "zone": ""
          },
          "sensitive_attributes": [
            [
              {
                "type": "get_attr",
                "value": "admin_password"
              }
            ],
            [
              {
                "type": "get_attr",
                "value": "custom_data"
              }
            ]
          ],
          "identity_schema_version": 0,
          "private": "eyJlMmJmYjczMC1lY2FhLTExZTYtOGY4OC0zNDM2M2JjN2M0YzAiOnsiY3JlYXRlIjoyNzAwMDAwMDAwMDAwLCJkZWxldGUiOjI3MDAwMDAwMDAwMDAsInJlYWQiOjMwMDAwMDAwMDAwMCwidXBkYXRlIjoyNzAwMDAwMDAwMDAwfX0=",
          "dependencies": [
            "module.nics.azurerm_network_interface.nics",
            "module.nics.data.azurerm_subnet.subnets",
            "module.pips.azurerm_public_ip.pips",
            "module.rgs.azurerm_resource_group.rgs",
            "module.subnets.azurerm_subnet.subnets",
            "module.vnets.azurerm_virtual_network.vnets"
          ]
        }
      ]
    },
    {
      "module": "module.nics",
      "mode": "managed",
      "type": "azurerm_network_interface",
      "name": "nics",
      "provider": "provider[\"registry.terraform.io/hashicorp/azurerm\"]",
      "instances": [
        {
          "index_key": "nic1",
          "schema_version": 0,
          "attributes": {
            "accelerated_networking_enabled": false,
            "applied_dns_servers": [],
            "auxiliary_mode": "",
            "auxiliary_sku": "",
            "dns_servers": null,
            "edge_zone": "",
            "id": "/subscriptions/158934aa-48ae-4aa1-bae5-78194afd79f3/resourceGroups/corp-dev/providers/Microsoft.Network/networkInterfaces/corp-dev-fe-nic",
            "internal_dns_name_label": "",
            "internal_domain_name_suffix": "14wn4pjbbnvuvmyzxwaz1shc5b.hx.internal.cloudapp.net",
            "ip_configuration": [
              {
                "gateway_load_balancer_frontend_ip_configuration_id": "",
                "name": "corp-dev-ip-config",
                "primary": true,
                "private_ip_address": "10.75.1.4",
                "private_ip_address_allocation": "Dynamic",
                "private_ip_address_version": "IPv4",
                "public_ip_address_id": "",
                "subnet_id": "/subscriptions/158934aa-48ae-4aa1-bae5-78194afd79f3/resourceGroups/corp-dev/providers/Microsoft.Network/virtualNetworks/corp-dev-vnet/subnets/frontend-subnet"
              }
            ],
            "ip_forwarding_enabled": false,
            "location": "eastasia",
            "mac_address": "",
            "name": "corp-dev-fe-nic",
            "private_ip_address": "10.75.1.4",
            "private_ip_addresses": [
              "10.75.1.4"
            ],
            "resource_group_name": "corp-dev",
            "tags": null,
            "timeouts": null,
            "virtual_machine_id": ""
          },
          "sensitive_attributes": [],
          "identity_schema_version": 0,
          "identity": {
            "name": "corp-dev-fe-nic",
            "resource_group_name": "corp-dev",
            "subscription_id": "158934aa-48ae-4aa1-bae5-78194afd79f3"
          },
          "private": "eyJlMmJmYjczMC1lY2FhLTExZTYtOGY4OC0zNDM2M2JjN2M0YzAiOnsiY3JlYXRlIjoxODAwMDAwMDAwMDAwLCJkZWxldGUiOjE4MDAwMDAwMDAwMDAsInJlYWQiOjMwMDAwMDAwMDAwMCwidXBkYXRlIjoxODAwMDAwMDAwMDAwfX0=",
          "dependencies": [
            "module.nics.data.azurerm_subnet.subnets",
            "module.pips.azurerm_public_ip.pips",
            "module.rgs.azurerm_resource_group.rgs",
            "module.subnets.azurerm_subnet.subnets",
            "module.vnets.azurerm_virtual_network.vnets"
          ]
        },
        {
          "index_key": "nic2",
          "schema_version": 0,
          "attributes": {
            "accelerated_networking_enabled": false,
            "applied_dns_servers": [],
            "auxiliary_mode": "",
            "auxiliary_sku": "",
            "dns_servers": null,
            "edge_zone": "",
            "id": "/subscriptions/158934aa-48ae-4aa1-bae5-78194afd79f3/resourceGroups/corp-dev/providers/Microsoft.Network/networkInterfaces/corp-dev-be-nic",
            "internal_dns_name_label": "",
            "internal_domain_name_suffix": "14wn4pjbbnvuvmyzxwaz1shc5b.hx.internal.cloudapp.net",
            "ip_configuration": [
              {
                "gateway_load_balancer_frontend_ip_configuration_id": "",
                "name": "corp-dev-ip-config",
                "primary": true,
                "private_ip_address": "10.75.2.4",
                "private_ip_address_allocation": "Dynamic",
                "private_ip_address_version": "IPv4",
                "public_ip_address_id": "",
                "subnet_id": "/subscriptions/158934aa-48ae-4aa1-bae5-78194afd79f3/resourceGroups/corp-dev/providers/Microsoft.Network/virtualNetworks/corp-dev-vnet/subnets/backend-subnet"
              }
            ],
            "ip_forwarding_enabled": false,
            "location": "eastasia",
            "mac_address": "",
            "name": "corp-dev-be-nic",
            "private_ip_address": "10.75.2.4",
            "private_ip_addresses": [
              "10.75.2.4"
            ],
            "resource_group_name": "corp-dev",
            "tags": null,
            "timeouts": null,
            "virtual_machine_id": ""
          },
          "sensitive_attributes": [],
          "identity_schema_version": 0,
          "identity": {
            "name": "corp-dev-be-nic",
            "resource_group_name": "corp-dev",
            "subscription_id": "158934aa-48ae-4aa1-bae5-78194afd79f3"
          },
          "private": "eyJlMmJmYjczMC1lY2FhLTExZTYtOGY4OC0zNDM2M2JjN2M0YzAiOnsiY3JlYXRlIjoxODAwMDAwMDAwMDAwLCJkZWxldGUiOjE4MDAwMDAwMDAwMDAsInJlYWQiOjMwMDAwMDAwMDAwMCwidXBkYXRlIjoxODAwMDAwMDAwMDAwfX0=",
          "dependencies": [
            "module.nics.data.azurerm_subnet.subnets",
            "module.pips.azurerm_public_ip.pips",
            "module.rgs.azurerm_resource_group.rgs",
            "module.subnets.azurerm_subnet.subnets",
            "module.vnets.azurerm_virtual_network.vnets"
          ]
        }
      ]
    },
    {
      "module": "module.pips",
      "mode": "managed",
      "type": "azurerm_public_ip",
      "name": "pips",
      "provider": "provider[\"registry.terraform.io/hashicorp/azurerm\"]",
      "instances": [
        {
          "index_key": "pip1",
          "schema_version": 0,
          "attributes": {
            "allocation_method": "Static",
            "ddos_protection_mode": "VirtualNetworkInherited",
            "ddos_protection_plan_id": null,
            "domain_name_label": "",
            "domain_name_label_scope": "",
            "edge_zone": "",
            "fqdn": "",
            "id": "/subscriptions/158934aa-48ae-4aa1-bae5-78194afd79f3/resourceGroups/corp-dev/providers/Microsoft.Network/publicIPAddresses/bastion-pip",
            "idle_timeout_in_minutes": 4,
            "ip_address": "40.83.94.21",
            "ip_tags": null,
            "ip_version": "IPv4",
            "location": "eastasia",
            "name": "bastion-pip",
            "public_ip_prefix_id": null,
            "resource_group_name": "corp-dev",
            "reverse_fqdn": "",
            "sku": "Standard",
            "sku_tier": "Regional",
            "tags": null,
            "timeouts": null,
            "zones": null
          },
          "sensitive_attributes": [],
          "identity_schema_version": 0,
          "identity": {
            "name": "bastion-pip",
            "resource_group_name": "corp-dev",
            "subscription_id": "158934aa-48ae-4aa1-bae5-78194afd79f3"
          },
          "private": "eyJlMmJmYjczMC1lY2FhLTExZTYtOGY4OC0zNDM2M2JjN2M0YzAiOnsiY3JlYXRlIjoxODAwMDAwMDAwMDAwLCJkZWxldGUiOjE4MDAwMDAwMDAwMDAsInJlYWQiOjMwMDAwMDAwMDAwMCwidXBkYXRlIjoxODAwMDAwMDAwMDAwfX0=",
          "dependencies": [
            "module.rgs.azurerm_resource_group.rgs",
            "module.subnets.azurerm_subnet.subnets",
            "module.vnets.azurerm_virtual_network.vnets"
          ]
        }
      ]
    },
    {
      "module": "module.rgs",
      "mode": "managed",
      "type": "azurerm_resource_group",
      "name": "rgs",
      "provider": "provider[\"registry.terraform.io/hashicorp/azurerm\"]",
      "instances": [
        {
          "index_key": "rg1",
          "schema_version": 0,
          "attributes": {
            "id": "/subscriptions/158934aa-48ae-4aa1-bae5-78194afd79f3/resourceGroups/corp-dev",
            "location": "eastasia",
            "managed_by": "",
            "name": "corp-dev",
            "tags": null,
            "timeouts": null
          },
          "sensitive_attributes": [],
          "identity_schema_version": 0,
          "identity": {
            "name": "corp-dev",
            "subscription_id": "158934aa-48ae-4aa1-bae5-78194afd79f3"
          },
          "private": "eyJlMmJmYjczMC1lY2FhLTExZTYtOGY4OC0zNDM2M2JjN2M0YzAiOnsiY3JlYXRlIjo1NDAwMDAwMDAwMDAwLCJkZWxldGUiOjU0MDAwMDAwMDAwMDAsInJlYWQiOjMwMDAwMDAwMDAwMCwidXBkYXRlIjo1NDAwMDAwMDAwMDAwfX0="
        }
      ]
    },
    {
      "module": "module.subnets",
      "mode": "managed",
      "type": "azurerm_subnet",
      "name": "subnets",
      "provider": "provider[\"registry.terraform.io/hashicorp/azurerm\"]",
      "instances": [
        {
          "index_key": "subnet1",
          "schema_version": 0,
          "attributes": {
            "address_prefixes": [
              "10.75.1.0/24"
            ],
            "default_outbound_access_enabled": true,
            "delegation": [],
            "id": "/subscriptions/158934aa-48ae-4aa1-bae5-78194afd79f3/resourceGroups/corp-dev/providers/Microsoft.Network/virtualNetworks/corp-dev-vnet/subnets/frontend-subnet",
            "ip_address_pool": [],
            "name": "frontend-subnet",
            "network_security_group_id": "",
            "network_security_group_id_wo": null,
            "network_security_group_id_wo_version": 0,
            "private_endpoint_network_policies": "Disabled",
            "private_link_service_network_policies_enabled": true,
            "resource_group_name": "corp-dev",
            "route_table_id": "",
            "route_table_id_wo": null,
            "route_table_id_wo_version": 0,
            "service_endpoint": [],
            "service_endpoint_policy_ids": null,
            "sharing_scope": "",
            "timeouts": null,
            "virtual_network_name": "corp-dev-vnet"
          },
          "sensitive_attributes": [],
          "identity_schema_version": 0,
          "identity": {
            "name": "frontend-subnet",
            "resource_group_name": "corp-dev",
            "subscription_id": "158934aa-48ae-4aa1-bae5-78194afd79f3",
            "virtual_network_name": "corp-dev-vnet"
          },
          "private": "eyJlMmJmYjczMC1lY2FhLTExZTYtOGY4OC0zNDM2M2JjN2M0YzAiOnsiY3JlYXRlIjoxODAwMDAwMDAwMDAwLCJkZWxldGUiOjE4MDAwMDAwMDAwMDAsInJlYWQiOjMwMDAwMDAwMDAwMCwidXBkYXRlIjoxODAwMDAwMDAwMDAwfX0=",
          "dependencies": [
            "module.rgs.azurerm_resource_group.rgs",
            "module.vnets.azurerm_virtual_network.vnets"
          ]
        },
        {
          "index_key": "subnet2",
          "schema_version": 0,
          "attributes": {
            "address_prefixes": [
              "10.75.2.0/24"
            ],
            "default_outbound_access_enabled": true,
            "delegation": [],
            "id": "/subscriptions/158934aa-48ae-4aa1-bae5-78194afd79f3/resourceGroups/corp-dev/providers/Microsoft.Network/virtualNetworks/corp-dev-vnet/subnets/backend-subnet",
            "ip_address_pool": [],
            "name": "backend-subnet",
            "network_security_group_id": "",
            "network_security_group_id_wo": null,
            "network_security_group_id_wo_version": 0,
            "private_endpoint_network_policies": "Disabled",
            "private_link_service_network_policies_enabled": true,
            "resource_group_name": "corp-dev",
            "route_table_id": "",
            "route_table_id_wo": null,
            "route_table_id_wo_version": 0,
            "service_endpoint": [],
            "service_endpoint_policy_ids": null,
            "sharing_scope": "",
            "timeouts": null,
            "virtual_network_name": "corp-dev-vnet"
          },
          "sensitive_attributes": [],
          "identity_schema_version": 0,
          "identity": {
            "name": "backend-subnet",
            "resource_group_name": "corp-dev",
            "subscription_id": "158934aa-48ae-4aa1-bae5-78194afd79f3",
            "virtual_network_name": "corp-dev-vnet"
          },
          "private": "eyJlMmJmYjczMC1lY2FhLTExZTYtOGY4OC0zNDM2M2JjN2M0YzAiOnsiY3JlYXRlIjoxODAwMDAwMDAwMDAwLCJkZWxldGUiOjE4MDAwMDAwMDAwMDAsInJlYWQiOjMwMDAwMDAwMDAwMCwidXBkYXRlIjoxODAwMDAwMDAwMDAwfX0=",
          "dependencies": [
            "module.rgs.azurerm_resource_group.rgs",
            "module.vnets.azurerm_virtual_network.vnets"
          ]
        },
        {
          "index_key": "subnet3",
          "schema_version": 0,
          "attributes": {
            "address_prefixes": [
              "10.75.3.0/24"
            ],
            "default_outbound_access_enabled": true,
            "delegation": [],
            "id": "/subscriptions/158934aa-48ae-4aa1-bae5-78194afd79f3/resourceGroups/corp-dev/providers/Microsoft.Network/virtualNetworks/corp-dev-vnet/subnets/AzureBastionSubnet",
            "ip_address_pool": [],
            "name": "AzureBastionSubnet",
            "network_security_group_id": "",
            "network_security_group_id_wo": null,
            "network_security_group_id_wo_version": 0,
            "private_endpoint_network_policies": "Disabled",
            "private_link_service_network_policies_enabled": true,
            "resource_group_name": "corp-dev",
            "route_table_id": "",
            "route_table_id_wo": null,
            "route_table_id_wo_version": 0,
            "service_endpoint": [],
            "service_endpoint_policy_ids": null,
            "sharing_scope": "",
            "timeouts": null,
            "virtual_network_name": "corp-dev-vnet"
          },
          "sensitive_attributes": [],
          "identity_schema_version": 0,
          "identity": {
            "name": "AzureBastionSubnet",
            "resource_group_name": "corp-dev",
            "subscription_id": "158934aa-48ae-4aa1-bae5-78194afd79f3",
            "virtual_network_name": "corp-dev-vnet"
          },
          "private": "eyJlMmJmYjczMC1lY2FhLTExZTYtOGY4OC0zNDM2M2JjN2M0YzAiOnsiY3JlYXRlIjoxODAwMDAwMDAwMDAwLCJkZWxldGUiOjE4MDAwMDAwMDAwMDAsInJlYWQiOjMwMDAwMDAwMDAwMCwidXBkYXRlIjoxODAwMDAwMDAwMDAwfX0=",
          "dependencies": [
            "module.rgs.azurerm_resource_group.rgs",
            "module.vnets.azurerm_virtual_network.vnets"
          ]
        }
      ]
    },
    {
      "module": "module.vnets",
      "mode": "managed",
      "type": "azurerm_virtual_network",
      "name": "vnets",
      "provider": "provider[\"registry.terraform.io/hashicorp/azurerm\"]",
      "instances": [
        {
          "index_key": "vnet1",
          "schema_version": 0,
          "attributes": {
            "address_space": [
              "10.75.0.0/16"
            ],
            "bgp_community": "",
            "ddos_protection_plan": [],
            "dns_servers": [],
            "edge_zone": "",
            "encryption": [],
            "flow_timeout_in_minutes": 0,
            "guid": "3ddfacdf-0b21-4a6b-b319-bd819dc8e2f9",
            "id": "/subscriptions/158934aa-48ae-4aa1-bae5-78194afd79f3/resourceGroups/corp-dev/providers/Microsoft.Network/virtualNetworks/corp-dev-vnet",
            "ip_address_pool": [],
            "location": "eastasia",
            "name": "corp-dev-vnet",
            "private_endpoint_vnet_policies": "Disabled",
            "resource_group_name": "corp-dev",
            "subnet": [],
            "tags": null,
            "timeouts": null
          },
          "sensitive_attributes": [],
          "identity_schema_version": 0,
          "identity": {
            "name": "corp-dev-vnet",
            "resource_group_name": "corp-dev",
            "subscription_id": "158934aa-48ae-4aa1-bae5-78194afd79f3"
          },
          "private": "eyJlMmJmYjczMC1lY2FhLTExZTYtOGY4OC0zNDM2M2JjN2M0YzAiOnsiY3JlYXRlIjoxODAwMDAwMDAwMDAwLCJkZWxldGUiOjE4MDAwMDAwMDAwMDAsInJlYWQiOjMwMDAwMDAwMDAwMCwidXBkYXRlIjoxODAwMDAwMDAwMDAwfX0=",
          "dependencies": [
            "module.rgs.azurerm_resource_group.rgs"
          ]
        }
      ]
    }
  ],
  "check_results": null
}
